
Microsoft Visual Studio Solution File, Format Version 12.00
# Visual Studio Version 17
VisualStudioVersion = 17.3.32901.215
MinimumVisualStudioVersion = 10.0.40219.1
Project("{FAE04EC0-301F-11D3-BF4B-00C04F79EFBC}") = "ECommerce.API", "ECommerce.API\ECommerce.API.csproj", "{0EABF9E3-C2EB-4B86-A965-48A093FDBF10}"
EndProject
Project("{FAE04EC0-301F-11D3-BF4B-00C04F79EFBC}") = "ECommerce.Models", "ECommerce.Models\ECommerce.Models.csproj", "{6310CA05-9323-4990-890F-EAFCA61066F6}"
EndProject
Project("{FAE04EC0-301F-11D3-BF4B-00C04F79EFBC}") = "ECommerce.Data", "ECommerce.Data\ECommerce.Data.csproj", "{83232CFA-0503-4236-B767-33C6013C0255}"
EndProject
Project("{FAE04EC0-301F-11D3-BF4B-00C04F79EFBC}") = "ECommerce.Service", "ECommerce.Service\ECommerce.Service.csproj", "{DEE0B29C-E453-4206-9313-2FFB7701A1A1}"
EndProject
Project("{FAE04EC0-301F-11D3-BF4B-00C04F79EFBC}") = "ECommerce.Tests", "ECommerce.Tests\ECommerce.Tests.csproj", "{F3F50337-5B52-47AA-BCDB-74AFE612ABB7}"
EndProject
Global
	GlobalSection(SolutionConfigurationPlatforms) = preSolution
		Debug|Any CPU = Debug|Any CPU
		Release|Any CPU = Release|Any CPU
	EndGlobalSection
	GlobalSection(ProjectConfigurationPlatforms) = postSolution
		{0EABF9E3-C2EB-4B86-A965-48A093FDBF10}.Debug|Any CPU.ActiveCfg = Debug|Any CPU
		{0EABF9E3-C2EB-4B86-A965-48A093FDBF10}.Debug|Any CPU.Build.0 = Debug|Any CPU
		{0EABF9E3-C2EB-4B86-A965-48A093FDBF10}.Release|Any CPU.ActiveCfg = Release|Any CPU
		{0EABF9E3-C2EB-4B86-A965-48A093FDBF10}.Release|Any CPU.Build.0 = Release|Any CPU
		{6310CA05-9323-4990-890F-EAFCA61066F6}.Debug|Any CPU.ActiveCfg = Debug|Any CPU
		{6310CA05-9323-4990-890F-EAFCA61066F6}.Debug|Any CPU.Build.0 = Debug|Any CPU
		{6310CA05-9323-4990-890F-EAFCA61066F6}.Release|Any CPU.ActiveCfg = Release|Any CPU
		{6310CA05-9323-4990-890F-EAFCA61066F6}.Release|Any CPU.Build.0 = Release|Any CPU
		{83232CFA-0503-4236-B767-33C6013C0255}.Debug|Any CPU.ActiveCfg = Debug|Any CPU
		{83232CFA-0503-4236-B767-33C6013C0255}.Debug|Any CPU.Build.0 = Debug|Any CPU
		{83232CFA-0503-4236-B767-33C6013C0255}.Release|Any CPU.ActiveCfg = Release|Any CPU
		{83232CFA-0503-4236-B767-33C6013C0255}.Release|Any CPU.Build.0 = Release|Any CPU
		{DEE0B29C-E453-4206-9313-2FFB7701A1A1}.Debug|Any CPU.ActiveCfg = Debug|Any CPU
		{DEE0B29C-E453-4206-9313-2FFB7701A1A1}.Debug|Any CPU.Build.0 = Debug|Any CPU
		{DEE0B29C-E453-4206-9313-2FFB7701A1A1}.Release|Any CPU.ActiveCfg = Release|Any CPU
		{DEE0B29C-E453-4206-9313-2FFB7701A1A1}.Release|Any CPU.Build.0 = Release|Any CPU
		{F3F50337-5B52-47AA-BCDB-74AFE612ABB7}.Debug|Any CPU.ActiveCfg = Debug|Any CPU
		{F3F50337-5B52-47AA-BCDB-74AFE612ABB7}.Debug|Any CPU.Build.0 = Debug|Any CPU
		{F3F50337-5B52-47AA-BCDB-74AFE612ABB7}.Release|Any CPU.ActiveCfg = Release|Any CPU
		{F3F50337-5B52-47AA-BCDB-74AFE612ABB7}.Release|Any CPU.Build.0 = Release|Any CPU
	EndGlobalSection
	GlobalSection(SolutionProperties) = preSolution
		HideSolutionNode = FALSE
	EndGlobalSection
	GlobalSection(ExtensibilityGlobals) = postSolution
		SolutionGuid = {7C04B4D6-C1FE-48B5-B5EA-EC3EEE0EEC66}
	EndGlobalSection
EndGlobal
